
Microsoft Visual Studio Solution File, Format Version 12.00
# Visual Studio Version 16
VisualStudioVersion = 16.0.29926.136
MinimumVisualStudioVersion = 10.0.40219.1
Project("{FAE04EC0-301F-11D3-BF4B-00C04F79EFBC}") = "JonDJones.com.Umbraco.Base", "JonDJones.com.Umbraco.Base.csproj", "{4A15A131-D67D-4421-B1A3-04DC98D13031}"
EndProject
Project("{FAE04EC0-301F-11D3-BF4B-00C04F79EFBC}") = "JonDJones.com.Umbraco.Base.Tests", "..\JonDJones.com.Umbraco.Base.Tests\JonDJones.com.Umbraco.Base.Tests.csproj", "{FBFA866B-11D6-41B2-A0F8-B7AC8BF92704}"
EndProject
Global
	GlobalSection(SolutionConfigurationPlatforms) = preSolution
		Debug|Any CPU = Debug|Any CPU
		Release|Any CPU = Release|Any CPU
	EndGlobalSection
	GlobalSection(ProjectConfigurationPlatforms) = postSolution
		{4A15A131-D67D-4421-B1A3-04DC98D13031}.Debug|Any CPU.ActiveCfg = Debug|Any CPU
		{4A15A131-D67D-4421-B1A3-04DC98D13031}.Debug|Any CPU.Build.0 = Debug|Any CPU
		{4A15A131-D67D-4421-B1A3-04DC98D13031}.Release|Any CPU.ActiveCfg = Release|Any CPU
		{4A15A131-D67D-4421-B1A3-04DC98D13031}.Release|Any CPU.Build.0 = Release|Any CPU
		{FBFA866B-11D6-41B2-A0F8-B7AC8BF92704}.Debug|Any CPU.ActiveCfg = Debug|Any CPU
		{FBFA866B-11D6-41B2-A0F8-B7AC8BF92704}.Debug|Any CPU.Build.0 = Debug|Any CPU
		{FBFA866B-11D6-41B2-A0F8-B7AC8BF92704}.Release|Any CPU.ActiveCfg = Release|Any CPU
		{FBFA866B-11D6-41B2-A0F8-B7AC8BF92704}.Release|Any CPU.Build.0 = Release|Any CPU
	EndGlobalSection
	GlobalSection(SolutionProperties) = preSolution
		HideSolutionNode = FALSE
	EndGlobalSection
	GlobalSection(ExtensibilityGlobals) = postSolution
		SolutionGuid = {572D4E55-AD3C-4933-B58D-7B09B50EEB39}
	EndGlobalSection
EndGlobal
